// !$*UTF8*$!
{
	archiveVersion = 1;
	classes = {
	};
	objectVersion = 56;
	objects = {

/* Begin PBXBuildFile section */
		4417723D2AE96231001CE44E /* SF-Pro-Display-Black.otf in Resources */ = {isa = PBXBuildFile; fileRef = 441772322AE9607C001CE44E /* SF-Pro-Display-Black.otf */; };
		4417723E2AE96245001CE44E /* LaunchScreen.storyboard in Resources */ = {isa = PBXBuildFile; fileRef = 443788372AE81C4A00D20667 /* LaunchScreen.storyboard */; };
		4417723F2AE96249001CE44E /* Assets.xcassets in Resources */ = {isa = PBXBuildFile; fileRef = 443788352AE81C4A00D20667 /* Assets.xcassets */; };
		441772412AE96275001CE44E /* SF-Pro-Display-Medium.otf in Resources */ = {isa = PBXBuildFile; fileRef = 441772342AE9607C001CE44E /* SF-Pro-Display-Medium.otf */; };
		441772422AE96275001CE44E /* SF-Pro-Display-Regular.otf in Resources */ = {isa = PBXBuildFile; fileRef = 441772392AE9607C001CE44E /* SF-Pro-Display-Regular.otf */; };
		441772432AE96275001CE44E /* SF-Pro-Display-Semibold.otf in Resources */ = {isa = PBXBuildFile; fileRef = 441772352AE9607C001CE44E /* SF-Pro-Display-Semibold.otf */; };
		441772442AE96275001CE44E /* SF-Pro-Text-Medium.otf in Resources */ = {isa = PBXBuildFile; fileRef = 441772382AE9607C001CE44E /* SF-Pro-Text-Medium.otf */; };
		441772452AE96275001CE44E /* SF-Pro-Text-Regular.otf in Resources */ = {isa = PBXBuildFile; fileRef = 441772362AE9607C001CE44E /* SF-Pro-Text-Regular.otf */; };
		441772462AE96275001CE44E /* SF-Pro-Text-Semibold.otf in Resources */ = {isa = PBXBuildFile; fileRef = 441772312AE9607C001CE44E /* SF-Pro-Text-Semibold.otf */; };
		4417724D2AEA9B7C001CE44E /* NetworkSession.swift in Sources */ = {isa = PBXBuildFile; fileRef = 4417724C2AEA9B7C001CE44E /* NetworkSession.swift */; };
		441772502AEA9EEE001CE44E /* AuthService.swift in Sources */ = {isa = PBXBuildFile; fileRef = 4417724F2AEA9EEE001CE44E /* AuthService.swift */; };
		441772522AEAA83B001CE44E /* ImageNetwork.swift in Sources */ = {isa = PBXBuildFile; fileRef = 441772512AEAA83B001CE44E /* ImageNetwork.swift */; };
		441772552AEAA9E9001CE44E /* AlamofireImage in Frameworks */ = {isa = PBXBuildFile; productRef = 441772542AEAA9E9001CE44E /* AlamofireImage */; };
		441772592AEAB072001CE44E /* PhoneMask.swift in Sources */ = {isa = PBXBuildFile; fileRef = 441772582AEAB072001CE44E /* PhoneMask.swift */; };
		4437882D2AE81C4900D20667 /* AppDelegate.swift in Sources */ = {isa = PBXBuildFile; fileRef = 4437882C2AE81C4900D20667 /* AppDelegate.swift */; };
		4437882F2AE81C4900D20667 /* SceneDelegate.swift in Sources */ = {isa = PBXBuildFile; fileRef = 4437882E2AE81C4900D20667 /* SceneDelegate.swift */; };
		443788312AE81C4900D20667 /* HomeViewController.swift in Sources */ = {isa = PBXBuildFile; fileRef = 443788302AE81C4900D20667 /* HomeViewController.swift */; };
		443788432AE8233C00D20667 /* SnapKit in Frameworks */ = {isa = PBXBuildFile; productRef = 443788422AE8233C00D20667 /* SnapKit */; };
		443788452AE8233C00D20667 /* SnapKit-Dynamic in Frameworks */ = {isa = PBXBuildFile; productRef = 443788442AE8233C00D20667 /* SnapKit-Dynamic */; };
		443788492AE83BCB00D20667 /* DetailViewController.swift in Sources */ = {isa = PBXBuildFile; fileRef = 443788482AE83BCB00D20667 /* DetailViewController.swift */; };
		4437884B2AE8415000D20667 /* UserTabBarViewController.swift in Sources */ = {isa = PBXBuildFile; fileRef = 4437884A2AE8415000D20667 /* UserTabBarViewController.swift */; };
		4437884F2AE843DE00D20667 /* FavoritesViewController.swift in Sources */ = {isa = PBXBuildFile; fileRef = 4437884E2AE843DE00D20667 /* FavoritesViewController.swift */; };
		443788522AE844FA00D20667 /* ProfileViewController.swift in Sources */ = {isa = PBXBuildFile; fileRef = 443788512AE844FA00D20667 /* ProfileViewController.swift */; };
		443788552AE860A500D20667 /* Extension + UIColor.swift in Sources */ = {isa = PBXBuildFile; fileRef = 443788542AE860A500D20667 /* Extension + UIColor.swift */; };
		443788572AE864B600D20667 /* Extension + UIFont.swift in Sources */ = {isa = PBXBuildFile; fileRef = 443788562AE864B600D20667 /* Extension + UIFont.swift */; };
		4437888B2AE9096200D20667 /* Extensions + UIView.swift in Sources */ = {isa = PBXBuildFile; fileRef = 4437888A2AE9096100D20667 /* Extensions + UIView.swift */; };
		4437888D2AE9149400D20667 /* Extension + UIImage.swift in Sources */ = {isa = PBXBuildFile; fileRef = 4437888C2AE9149400D20667 /* Extension + UIImage.swift */; };
		443788912AE9221F00D20667 /* Extensions + UIStack.swift in Sources */ = {isa = PBXBuildFile; fileRef = 443788902AE9221F00D20667 /* Extensions + UIStack.swift */; };
		443788932AE922C600D20667 /* Theme.swift in Sources */ = {isa = PBXBuildFile; fileRef = 443788922AE922C600D20667 /* Theme.swift */; };
/* End PBXBuildFile section */

/* Begin PBXFileReference section */
		441772312AE9607C001CE44E /* SF-Pro-Text-Semibold.otf */ = {isa = PBXFileReference; lastKnownFileType = file; path = "SF-Pro-Text-Semibold.otf"; sourceTree = "<group>"; };
		441772322AE9607C001CE44E /* SF-Pro-Display-Black.otf */ = {isa = PBXFileReference; lastKnownFileType = file; path = "SF-Pro-Display-Black.otf"; sourceTree = "<group>"; };
		441772342AE9607C001CE44E /* SF-Pro-Display-Medium.otf */ = {isa = PBXFileReference; lastKnownFileType = file; path = "SF-Pro-Display-Medium.otf"; sourceTree = "<group>"; };
		441772352AE9607C001CE44E /* SF-Pro-Display-Semibold.otf */ = {isa = PBXFileReference; lastKnownFileType = file; path = "SF-Pro-Display-Semibold.otf"; sourceTree = "<group>"; };
		441772362AE9607C001CE44E /* SF-Pro-Text-Regular.otf */ = {isa = PBXFileReference; lastKnownFileType = file; path = "SF-Pro-Text-Regular.otf"; sourceTree = "<group>"; };
		441772382AE9607C001CE44E /* SF-Pro-Text-Medium.otf */ = {isa = PBXFileReference; lastKnownFileType = file; path = "SF-Pro-Text-Medium.otf"; sourceTree = "<group>"; };
		441772392AE9607C001CE44E /* SF-Pro-Display-Regular.otf */ = {isa = PBXFileReference; lastKnownFileType = file; path = "SF-Pro-Display-Regular.otf"; sourceTree = "<group>"; };
		4417724C2AEA9B7C001CE44E /* NetworkSession.swift */ = {isa = PBXFileReference; lastKnownFileType = sourcecode.swift; path = NetworkSession.swift; sourceTree = "<group>"; };
		4417724F2AEA9EEE001CE44E /* AuthService.swift */ = {isa = PBXFileReference; lastKnownFileType = sourcecode.swift; path = AuthService.swift; sourceTree = "<group>"; };
		441772512AEAA83B001CE44E /* ImageNetwork.swift */ = {isa = PBXFileReference; lastKnownFileType = sourcecode.swift; path = ImageNetwork.swift; sourceTree = "<group>"; };
		441772582AEAB072001CE44E /* PhoneMask.swift */ = {isa = PBXFileReference; lastKnownFileType = sourcecode.swift; path = PhoneMask.swift; sourceTree = "<group>"; };
		443788292AE81C4900D20667 /* TestMobileDeveloperiOS.app */ = {isa = PBXFileReference; explicitFileType = wrapper.application; includeInIndex = 0; path = TestMobileDeveloperiOS.app; sourceTree = BUILT_PRODUCTS_DIR; };
		4437882C2AE81C4900D20667 /* AppDelegate.swift */ = {isa = PBXFileReference; lastKnownFileType = sourcecode.swift; path = AppDelegate.swift; sourceTree = "<group>"; };
		4437882E2AE81C4900D20667 /* SceneDelegate.swift */ = {isa = PBXFileReference; lastKnownFileType = sourcecode.swift; path = SceneDelegate.swift; sourceTree = "<group>"; };
		443788302AE81C4900D20667 /* HomeViewController.swift */ = {isa = PBXFileReference; lastKnownFileType = sourcecode.swift; path = HomeViewController.swift; sourceTree = "<group>"; };
		443788352AE81C4A00D20667 /* Assets.xcassets */ = {isa = PBXFileReference; lastKnownFileType = folder.assetcatalog; path = Assets.xcassets; sourceTree = "<group>"; };
		443788382AE81C4A00D20667 /* Base */ = {isa = PBXFileReference; lastKnownFileType = file.storyboard; name = Base; path = Base.lproj/LaunchScreen.storyboard; sourceTree = "<group>"; };
		4437883A2AE81C4A00D20667 /* Info.plist */ = {isa = PBXFileReference; lastKnownFileType = text.plist.xml; path = Info.plist; sourceTree = "<group>"; };
		443788482AE83BCB00D20667 /* DetailViewController.swift */ = {isa = PBXFileReference; lastKnownFileType = sourcecode.swift; path = DetailViewController.swift; sourceTree = "<group>"; };
		4437884A2AE8415000D20667 /* UserTabBarViewController.swift */ = {isa = PBXFileReference; lastKnownFileType = sourcecode.swift; path = UserTabBarViewController.swift; sourceTree = "<group>"; };
		4437884E2AE843DE00D20667 /* FavoritesViewController.swift */ = {isa = PBXFileReference; lastKnownFileType = sourcecode.swift; path = FavoritesViewController.swift; sourceTree = "<group>"; };
		443788512AE844FA00D20667 /* ProfileViewController.swift */ = {isa = PBXFileReference; lastKnownFileType = sourcecode.swift; path = ProfileViewController.swift; sourceTree = "<group>"; };
		443788542AE860A500D20667 /* Extension + UIColor.swift */ = {isa = PBXFileReference; lastKnownFileType = sourcecode.swift; path = "Extension + UIColor.swift"; sourceTree = "<group>"; };
		443788562AE864B600D20667 /* Extension + UIFont.swift */ = {isa = PBXFileReference; lastKnownFileType = sourcecode.swift; path = "Extension + UIFont.swift"; sourceTree = "<group>"; };
		4437888A2AE9096100D20667 /* Extensions + UIView.swift */ = {isa = PBXFileReference; lastKnownFileType = sourcecode.swift; path = "Extensions + UIView.swift"; sourceTree = "<group>"; };
		4437888C2AE9149400D20667 /* Extension + UIImage.swift */ = {isa = PBXFileReference; lastKnownFileType = sourcecode.swift; path = "Extension + UIImage.swift"; sourceTree = "<group>"; };
		443788902AE9221F00D20667 /* Extensions + UIStack.swift */ = {isa = PBXFileReference; lastKnownFileType = sourcecode.swift; path = "Extensions + UIStack.swift"; sourceTree = "<group>"; };
		443788922AE922C600D20667 /* Theme.swift */ = {isa = PBXFileReference; lastKnownFileType = sourcecode.swift; path = Theme.swift; sourceTree = "<group>"; };
/* End PBXFileReference section */

/* Begin PBXFrameworksBuildPhase section */
		443788262AE81C4800D20667 /* Frameworks */ = {
			isa = PBXFrameworksBuildPhase;
			buildActionMask = 2147483647;
			files = (
				443788432AE8233C00D20667 /* SnapKit in Frameworks */,
				443788452AE8233C00D20667 /* SnapKit-Dynamic in Frameworks */,
				441772552AEAA9E9001CE44E /* AlamofireImage in Frameworks */,
			);
			runOnlyForDeploymentPostprocessing = 0;
		};
/* End PBXFrameworksBuildPhase section */

/* Begin PBXGroup section */
		441772302AE96051001CE44E /* Fonts */ = {
			isa = PBXGroup;
			children = (
				441772322AE9607C001CE44E /* SF-Pro-Display-Black.otf */,
				441772342AE9607C001CE44E /* SF-Pro-Display-Medium.otf */,
				441772392AE9607C001CE44E /* SF-Pro-Display-Regular.otf */,
				441772352AE9607C001CE44E /* SF-Pro-Display-Semibold.otf */,
				441772382AE9607C001CE44E /* SF-Pro-Text-Medium.otf */,
				441772362AE9607C001CE44E /* SF-Pro-Text-Regular.otf */,
				441772312AE9607C001CE44E /* SF-Pro-Text-Semibold.otf */,
			);
			path = Fonts;
			sourceTree = "<group>";
		};
		441772492AEA975F001CE44E /* Scenes */ = {
			isa = PBXGroup;
			children = (
				443788302AE81C4900D20667 /* HomeViewController.swift */,
				443788482AE83BCB00D20667 /* DetailViewController.swift */,
				4437884E2AE843DE00D20667 /* FavoritesViewController.swift */,
				443788512AE844FA00D20667 /* ProfileViewController.swift */,
				4437888F2AE91F0C00D20667 /* TabBarController */,
			);
			path = Scenes;
			sourceTree = "<group>";
		};
		4417724A2AEA98A5001CE44E /* Managers */ = {
			isa = PBXGroup;
			children = (
				4417724C2AEA9B7C001CE44E /* NetworkSession.swift */,
				441772512AEAA83B001CE44E /* ImageNetwork.swift */,
			);
			path = Managers;
			sourceTree = "<group>";
		};
		4417724E2AEA9ED0001CE44E /* Services */ = {
			isa = PBXGroup;
			children = (
				4417724F2AEA9EEE001CE44E /* AuthService.swift */,
			);
			path = Services;
			sourceTree = "<group>";
		};
		441772562AEAB023001CE44E /* Models */ = {
			isa = PBXGroup;
			children = (
				441772582AEAB072001CE44E /* PhoneMask.swift */,
			);
			path = Models;
			sourceTree = "<group>";
		};
		443788202AE81C4800D20667 = {
			isa = PBXGroup;
			children = (
				4437882B2AE81C4900D20667 /* TestMobileDeveloperiOS */,
				4437882A2AE81C4900D20667 /* Products */,
			);
			sourceTree = "<group>";
		};
		4437882A2AE81C4900D20667 /* Products */ = {
			isa = PBXGroup;
			children = (
				443788292AE81C4900D20667 /* TestMobileDeveloperiOS.app */,
			);
			name = Products;
			sourceTree = "<group>";
		};
		4437882B2AE81C4900D20667 /* TestMobileDeveloperiOS */ = {
			isa = PBXGroup;
			children = (
				443788402AE8227800D20667 /* App */,
				441772492AEA975F001CE44E /* Scenes */,
				4417724A2AEA98A5001CE44E /* Managers */,
				441772562AEAB023001CE44E /* Models */,
				4417724E2AEA9ED0001CE44E /* Services */,
				443788532AE85FF000D20667 /* Extensions */,
				441772302AE96051001CE44E /* Fonts */,
				4437888E2AE917EC00D20667 /* Assets */,
				4437883A2AE81C4A00D20667 /* Info.plist */,
			);
			path = TestMobileDeveloperiOS;
			sourceTree = "<group>";
		};
		443788402AE8227800D20667 /* App */ = {
			isa = PBXGroup;
			children = (
				4437882C2AE81C4900D20667 /* AppDelegate.swift */,
				4437882E2AE81C4900D20667 /* SceneDelegate.swift */,
			);
			path = App;
			sourceTree = "<group>";
		};
		443788532AE85FF000D20667 /* Extensions */ = {
			isa = PBXGroup;
			children = (
				443788542AE860A500D20667 /* Extension + UIColor.swift */,
				443788562AE864B600D20667 /* Extension + UIFont.swift */,
				4437888A2AE9096100D20667 /* Extensions + UIView.swift */,
				4437888C2AE9149400D20667 /* Extension + UIImage.swift */,
				443788902AE9221F00D20667 /* Extensions + UIStack.swift */,
				443788922AE922C600D20667 /* Theme.swift */,
			);
			path = Extensions;
			sourceTree = "<group>";
		};
		4437888E2AE917EC00D20667 /* Assets */ = {
			isa = PBXGroup;
			children = (
				443788352AE81C4A00D20667 /* Assets.xcassets */,
				443788372AE81C4A00D20667 /* LaunchScreen.storyboard */,
			);
			path = Assets;
			sourceTree = "<group>";
		};
		4437888F2AE91F0C00D20667 /* TabBarController */ = {
			isa = PBXGroup;
			children = (
				4437884A2AE8415000D20667 /* UserTabBarViewController.swift */,
			);
			path = TabBarController;
			sourceTree = "<group>";
		};
/* End PBXGroup section */

/* Begin PBXNativeTarget section */
		443788282AE81C4800D20667 /* TestMobileDeveloperiOS */ = {
			isa = PBXNativeTarget;
			buildConfigurationList = 4437883D2AE81C4A00D20667 /* Build configuration list for PBXNativeTarget "TestMobileDeveloperiOS" */;
			buildPhases = (
				443788252AE81C4800D20667 /* Sources */,
				443788262AE81C4800D20667 /* Frameworks */,
				4417723B2AE96222001CE44E /* Resources */,
			);
			buildRules = (
			);
			dependencies = (
			);
			name = TestMobileDeveloperiOS;
			packageProductDependencies = (
				443788422AE8233C00D20667 /* SnapKit */,
				443788442AE8233C00D20667 /* SnapKit-Dynamic */,
				441772542AEAA9E9001CE44E /* AlamofireImage */,
			);
			productName = TestMobileDeveloperiOS;
			productReference = 443788292AE81C4900D20667 /* TestMobileDeveloperiOS.app */;
			productType = "com.apple.product-type.application";
		};
/* End PBXNativeTarget section */

/* Begin PBXProject section */
		443788212AE81C4800D20667 /* Project object */ = {
			isa = PBXProject;
			attributes = {
				BuildIndependentTargetsInParallel = 1;
				LastSwiftUpdateCheck = 1500;
				LastUpgradeCheck = 1500;
				TargetAttributes = {
					443788282AE81C4800D20667 = {
						CreatedOnToolsVersion = 15.0;
					};
				};
			};
			buildConfigurationList = 443788242AE81C4800D20667 /* Build configuration list for PBXProject "TestMobileDeveloperiOS" */;
			compatibilityVersion = "Xcode 14.0";
			developmentRegion = en;
			hasScannedForEncodings = 0;
			knownRegions = (
				en,
				Base,
			);
			mainGroup = 443788202AE81C4800D20667;
			packageReferences = (
				443788412AE8233C00D20667 /* XCRemoteSwiftPackageReference "SnapKit" */,
				441772532AEAA9E9001CE44E /* XCRemoteSwiftPackageReference "AlamofireImage" */,
			);
			productRefGroup = 4437882A2AE81C4900D20667 /* Products */;
			projectDirPath = "";
			projectRoot = "";
			targets = (
				443788282AE81C4800D20667 /* TestMobileDeveloperiOS */,
			);
		};
/* End PBXProject section */

/* Begin PBXResourcesBuildPhase section */
		4417723B2AE96222001CE44E /* Resources */ = {
			isa = PBXResourcesBuildPhase;
			buildActionMask = 2147483647;
			files = (
				441772412AE96275001CE44E /* SF-Pro-Display-Medium.otf in Resources */,
				441772422AE96275001CE44E /* SF-Pro-Display-Regular.otf in Resources */,
				441772432AE96275001CE44E /* SF-Pro-Display-Semibold.otf in Resources */,
				441772442AE96275001CE44E /* SF-Pro-Text-Medium.otf in Resources */,
				441772452AE96275001CE44E /* SF-Pro-Text-Regular.otf in Resources */,
				441772462AE96275001CE44E /* SF-Pro-Text-Semibold.otf in Resources */,
				4417723D2AE96231001CE44E /* SF-Pro-Display-Black.otf in Resources */,
				4417723F2AE96249001CE44E /* Assets.xcassets in Resources */,
				4417723E2AE96245001CE44E /* LaunchScreen.storyboard in Resources */,
			);
			runOnlyForDeploymentPostprocessing = 0;
		};
/* End PBXResourcesBuildPhase section */

/* Begin PBXSourcesBuildPhase section */
		443788252AE81C4800D20667 /* Sources */ = {
			isa = PBXSourcesBuildPhase;
			buildActionMask = 2147483647;
			files = (
				4437884B2AE8415000D20667 /* UserTabBarViewController.swift in Sources */,
				443788912AE9221F00D20667 /* Extensions + UIStack.swift in Sources */,
				4437888D2AE9149400D20667 /* Extension + UIImage.swift in Sources */,
				443788312AE81C4900D20667 /* HomeViewController.swift in Sources */,
				443788932AE922C600D20667 /* Theme.swift in Sources */,
				4437882D2AE81C4900D20667 /* AppDelegate.swift in Sources */,
				4437882F2AE81C4900D20667 /* SceneDelegate.swift in Sources */,
				4417724D2AEA9B7C001CE44E /* NetworkSession.swift in Sources */,
				443788522AE844FA00D20667 /* ProfileViewController.swift in Sources */,
				443788552AE860A500D20667 /* Extension + UIColor.swift in Sources */,
				441772522AEAA83B001CE44E /* ImageNetwork.swift in Sources */,
				4437888B2AE9096200D20667 /* Extensions + UIView.swift in Sources */,
				4437884F2AE843DE00D20667 /* FavoritesViewController.swift in Sources */,
				441772502AEA9EEE001CE44E /* AuthService.swift in Sources */,
				441772592AEAB072001CE44E /* PhoneMask.swift in Sources */,
				443788572AE864B600D20667 /* Extension + UIFont.swift in Sources */,
				443788492AE83BCB00D20667 /* DetailViewController.swift in Sources */,
			);
			runOnlyForDeploymentPostprocessing = 0;
		};
/* End PBXSourcesBuildPhase section */

/* Begin PBXVariantGroup section */
		443788372AE81C4A00D20667 /* LaunchScreen.storyboard */ = {
			isa = PBXVariantGroup;
			children = (
				443788382AE81C4A00D20667 /* Base */,
			);
			name = LaunchScreen.storyboard;
			sourceTree = "<group>";
		};
/* End PBXVariantGroup section */

/* Begin XCBuildConfiguration section */
		4437883B2AE81C4A00D20667 /* Debug */ = {
			isa = XCBuildConfiguration;
			buildSettings = {
				ALWAYS_SEARCH_USER_PATHS = NO;
				ASSETCATALOG_COMPILER_GENERATE_SWIFT_ASSET_SYMBOL_EXTENSIONS = YES;
				CLANG_ANALYZER_NONNULL = YES;
				CLANG_ANALYZER_NUMBER_OBJECT_CONVERSION = YES_AGGRESSIVE;
				CLANG_CXX_LANGUAGE_STANDARD = "gnu++20";
				CLANG_ENABLE_MODULES = YES;
				CLANG_ENABLE_OBJC_ARC = YES;
				CLANG_ENABLE_OBJC_WEAK = YES;
				CLANG_WARN_BLOCK_CAPTURE_AUTORELEASING = YES;
				CLANG_WARN_BOOL_CONVERSION = YES;
				CLANG_WARN_COMMA = YES;
				CLANG_WARN_CONSTANT_CONVERSION = YES;
				CLANG_WARN_DEPRECATED_OBJC_IMPLEMENTATIONS = YES;
				CLANG_WARN_DIRECT_OBJC_ISA_USAGE = YES_ERROR;
				CLANG_WARN_DOCUMENTATION_COMMENTS = YES;
				CLANG_WARN_EMPTY_BODY = YES;
				CLANG_WARN_ENUM_CONVERSION = YES;
				CLANG_WARN_INFINITE_RECURSION = YES;
				CLANG_WARN_INT_CONVERSION = YES;
				CLANG_WARN_NON_LITERAL_NULL_CONVERSION = YES;
				CLANG_WARN_OBJC_IMPLICIT_RETAIN_SELF = YES;
				CLANG_WARN_OBJC_LITERAL_CONVERSION = YES;
				CLANG_WARN_OBJC_ROOT_CLASS = YES_ERROR;
				CLANG_WARN_QUOTED_INCLUDE_IN_FRAMEWORK_HEADER = YES;
				CLANG_WARN_RANGE_LOOP_ANALYSIS = YES;
				CLANG_WARN_STRICT_PROTOTYPES = YES;
				CLANG_WARN_SUSPICIOUS_MOVE = YES;
				CLANG_WARN_UNGUARDED_AVAILABILITY = YES_AGGRESSIVE;
				CLANG_WARN_UNREACHABLE_CODE = YES;
				CLANG_WARN__DUPLICATE_METHOD_MATCH = YES;
				COPY_PHASE_STRIP = NO;
				DEBUG_INFORMATION_FORMAT = dwarf;
				ENABLE_STRICT_OBJC_MSGSEND = YES;
				ENABLE_TESTABILITY = YES;
				ENABLE_USER_SCRIPT_SANDBOXING = YES;
				GCC_C_LANGUAGE_STANDARD = gnu17;
				GCC_DYNAMIC_NO_PIC = NO;
				GCC_NO_COMMON_BLOCKS = YES;
				GCC_OPTIMIZATION_LEVEL = 0;
				GCC_PREPROCESSOR_DEFINITIONS = (
					"DEBUG=1",
					"$(inherited)",
				);
				GCC_WARN_64_TO_32_BIT_CONVERSION = YES;
				GCC_WARN_ABOUT_RETURN_TYPE = YES_ERROR;
				GCC_WARN_UNDECLARED_SELECTOR = YES;
				GCC_WARN_UNINITIALIZED_AUTOS = YES_AGGRESSIVE;
				GCC_WARN_UNUSED_FUNCTION = YES;
				GCC_WARN_UNUSED_VARIABLE = YES;
				IPHONEOS_DEPLOYMENT_TARGET = 17.0;
				LOCALIZATION_PREFERS_STRING_CATALOGS = YES;
				MTL_ENABLE_DEBUG_INFO = INCLUDE_SOURCE;
				MTL_FAST_MATH = YES;
				ONLY_ACTIVE_ARCH = YES;
				SDKROOT = iphoneos;
				SWIFT_ACTIVE_COMPILATION_CONDITIONS = "DEBUG $(inherited)";
				SWIFT_OPTIMIZATION_LEVEL = "-Onone";
			};
			name = Debug;
		};
		4437883C2AE81C4A00D20667 /* Release */ = {
			isa = XCBuildConfiguration;
			buildSettings = {
				ALWAYS_SEARCH_USER_PATHS = NO;
				ASSETCATALOG_COMPILER_GENERATE_SWIFT_ASSET_SYMBOL_EXTENSIONS = YES;
				CLANG_ANALYZER_NONNULL = YES;
				CLANG_ANALYZER_NUMBER_OBJECT_CONVERSION = YES_AGGRESSIVE;
				CLANG_CXX_LANGUAGE_STANDARD = "gnu++20";
				CLANG_ENABLE_MODULES = YES;
				CLANG_ENABLE_OBJC_ARC = YES;
				CLANG_ENABLE_OBJC_WEAK = YES;
				CLANG_WARN_BLOCK_CAPTURE_AUTORELEASING = YES;
				CLANG_WARN_BOOL_CONVERSION = YES;
				CLANG_WARN_COMMA = YES;
				CLANG_WARN_CONSTANT_CONVERSION = YES;
				CLANG_WARN_DEPRECATED_OBJC_IMPLEMENTATIONS = YES;
				CLANG_WARN_DIRECT_OBJC_ISA_USAGE = YES_ERROR;
				CLANG_WARN_DOCUMENTATION_COMMENTS = YES;
				CLANG_WARN_EMPTY_BODY = YES;
				CLANG_WARN_ENUM_CONVERSION = YES;
				CLANG_WARN_INFINITE_RECURSION = YES;
				CLANG_WARN_INT_CONVERSION = YES;
				CLANG_WARN_NON_LITERAL_NULL_CONVERSION = YES;
				CLANG_WARN_OBJC_IMPLICIT_RETAIN_SELF = YES;
				CLANG_WARN_OBJC_LITERAL_CONVERSION = YES;
				CLANG_WARN_OBJC_ROOT_CLASS = YES_ERROR;
				CLANG_WARN_QUOTED_INCLUDE_IN_FRAMEWORK_HEADER = YES;
				CLANG_WARN_RANGE_LOOP_ANALYSIS = YES;
				CLANG_WARN_STRICT_PROTOTYPES = YES;
				CLANG_WARN_SUSPICIOUS_MOVE = YES;
				CLANG_WARN_UNGUARDED_AVAILABILITY = YES_AGGRESSIVE;
				CLANG_WARN_UNREACHABLE_CODE = YES;
				CLANG_WARN__DUPLICATE_METHOD_MATCH = YES;
				COPY_PHASE_STRIP = NO;
				DEBUG_INFORMATION_FORMAT = "dwarf-with-dsym";
				ENABLE_NS_ASSERTIONS = NO;
				ENABLE_STRICT_OBJC_MSGSEND = YES;
				ENABLE_USER_SCRIPT_SANDBOXING = YES;
				GCC_C_LANGUAGE_STANDARD = gnu17;
				GCC_NO_COMMON_BLOCKS = YES;
				GCC_WARN_64_TO_32_BIT_CONVERSION = YES;
				GCC_WARN_ABOUT_RETURN_TYPE = YES_ERROR;
				GCC_WARN_UNDECLARED_SELECTOR = YES;
				GCC_WARN_UNINITIALIZED_AUTOS = YES_AGGRESSIVE;
				GCC_WARN_UNUSED_FUNCTION = YES;
				GCC_WARN_UNUSED_VARIABLE = YES;
				IPHONEOS_DEPLOYMENT_TARGET = 17.0;
				LOCALIZATION_PREFERS_STRING_CATALOGS = YES;
				MTL_ENABLE_DEBUG_INFO = NO;
				MTL_FAST_MATH = YES;
				SDKROOT = iphoneos;
				SWIFT_COMPILATION_MODE = wholemodule;
				VALIDATE_PRODUCT = YES;
			};
			name = Release;
		};
		4437883E2AE81C4A00D20667 /* Debug */ = {
			isa = XCBuildConfiguration;
			buildSettings = {
				ASSETCATALOG_COMPILER_APPICON_NAME = AppIcon;
				ASSETCATALOG_COMPILER_GLOBAL_ACCENT_COLOR_NAME = AccentColor;
				CODE_SIGN_STYLE = Automatic;
				CURRENT_PROJECT_VERSION = 1;
				DEVELOPMENT_TEAM = 7ULD8P3K3C;
				GENERATE_INFOPLIST_FILE = YES;
				INFOPLIST_FILE = TestMobileDeveloperiOS/Info.plist;
				INFOPLIST_KEY_UIApplicationSupportsIndirectInputEvents = YES;
				INFOPLIST_KEY_UILaunchStoryboardName = LaunchScreen;
				INFOPLIST_KEY_UISupportedInterfaceOrientations = UIInterfaceOrientationPortrait;
				INFOPLIST_KEY_UISupportedInterfaceOrientations_iPad = "UIInterfaceOrientationLandscapeLeft UIInterfaceOrientationLandscapeRight UIInterfaceOrientationPortrait UIInterfaceOrientationPortraitUpsideDown";
				IPHONEOS_DEPLOYMENT_TARGET = 13.0;
				LD_RUNPATH_SEARCH_PATHS = (
					"$(inherited)",
					"@executable_path/Frameworks",
				);
				MARKETING_VERSION = 1.0;
				PRODUCT_BUNDLE_IDENTIFIER = com.Danila.TestMobileDeveloperiOS;
				PRODUCT_NAME = "$(TARGET_NAME)";
				SUPPORTED_PLATFORMS = "iphoneos iphonesimulator";
				SUPPORTS_MACCATALYST = NO;
				SUPPORTS_MAC_DESIGNED_FOR_IPHONE_IPAD = NO;
				SWIFT_EMIT_LOC_STRINGS = YES;
				SWIFT_VERSION = 5.0;
				TARGETED_DEVICE_FAMILY = 1;
			};
			name = Debug;
		};
		4437883F2AE81C4A00D20667 /* Release */ = {
			isa = XCBuildConfiguration;
			buildSettings = {
				ASSETCATALOG_COMPILER_APPICON_NAME = AppIcon;
				ASSETCATALOG_COMPILER_GLOBAL_ACCENT_COLOR_NAME = AccentColor;
				CODE_SIGN_STYLE = Automatic;
				CURRENT_PROJECT_VERSION = 1;
				DEVELOPMENT_TEAM = 7ULD8P3K3C;
				GENERATE_INFOPLIST_FILE = YES;
				INFOPLIST_FILE = TestMobileDeveloperiOS/Info.plist;
				INFOPLIST_KEY_UIApplicationSupportsIndirectInputEvents = YES;
				INFOPLIST_KEY_UILaunchStoryboardName = LaunchScreen;
				INFOPLIST_KEY_UISupportedInterfaceOrientations = UIInterfaceOrientationPortrait;
				INFOPLIST_KEY_UISupportedInterfaceOrientations_iPad = "UIInterfaceOrientationLandscapeLeft UIInterfaceOrientationLandscapeRight UIInterfaceOrientationPortrait UIInterfaceOrientationPortraitUpsideDown";
				IPHONEOS_DEPLOYMENT_TARGET = 13.0;
				LD_RUNPATH_SEARCH_PATHS = (
					"$(inherited)",
					"@executable_path/Frameworks",
				);
				MARKETING_VERSION = 1.0;
				PRODUCT_BUNDLE_IDENTIFIER = com.Danila.TestMobileDeveloperiOS;
				PRODUCT_NAME = "$(TARGET_NAME)";
				SUPPORTED_PLATFORMS = "iphoneos iphonesimulator";
				SUPPORTS_MACCATALYST = NO;
				SUPPORTS_MAC_DESIGNED_FOR_IPHONE_IPAD = NO;
				SWIFT_EMIT_LOC_STRINGS = YES;
				SWIFT_VERSION = 5.0;
				TARGETED_DEVICE_FAMILY = 1;
			};
			name = Release;
		};
/* End XCBuildConfiguration section */

/* Begin XCConfigurationList section */
		443788242AE81C4800D20667 /* Build configuration list for PBXProject "TestMobileDeveloperiOS" */ = {
			isa = XCConfigurationList;
			buildConfigurations = (
				4437883B2AE81C4A00D20667 /* Debug */,
				4437883C2AE81C4A00D20667 /* Release */,
			);
			defaultConfigurationIsVisible = 0;
			defaultConfigurationName = Release;
		};
		4437883D2AE81C4A00D20667 /* Build configuration list for PBXNativeTarget "TestMobileDeveloperiOS" */ = {
			isa = XCConfigurationList;
			buildConfigurations = (
				4437883E2AE81C4A00D20667 /* Debug */,
				4437883F2AE81C4A00D20667 /* Release */,
			);
			defaultConfigurationIsVisible = 0;
			defaultConfigurationName = Release;
		};
/* End XCConfigurationList section */

/* Begin XCRemoteSwiftPackageReference section */
		441772532AEAA9E9001CE44E /* XCRemoteSwiftPackageReference "AlamofireImage" */ = {
			isa = XCRemoteSwiftPackageReference;
			repositoryURL = "https://github.com/Alamofire/AlamofireImage.git";
			requirement = {
				kind = upToNextMajorVersion;
				minimumVersion = 4.3.0;
			};
		};
		443788412AE8233C00D20667 /* XCRemoteSwiftPackageReference "SnapKit" */ = {
			isa = XCRemoteSwiftPackageReference;
			repositoryURL = "https://github.com/SnapKit/SnapKit.git";
			requirement = {
				kind = upToNextMajorVersion;
				minimumVersion = 5.6.0;
			};
		};
/* End XCRemoteSwiftPackageReference section */

/* Begin XCSwiftPackageProductDependency section */
		441772542AEAA9E9001CE44E /* AlamofireImage */ = {
			isa = XCSwiftPackageProductDependency;
			package = 441772532AEAA9E9001CE44E /* XCRemoteSwiftPackageReference "AlamofireImage" */;
			productName = AlamofireImage;
		};
		443788422AE8233C00D20667 /* SnapKit */ = {
			isa = XCSwiftPackageProductDependency;
			package = 443788412AE8233C00D20667 /* XCRemoteSwiftPackageReference "SnapKit" */;
			productName = SnapKit;
		};
		443788442AE8233C00D20667 /* SnapKit-Dynamic */ = {
			isa = XCSwiftPackageProductDependency;
			package = 443788412AE8233C00D20667 /* XCRemoteSwiftPackageReference "SnapKit" */;
			productName = "SnapKit-Dynamic";
		};
/* End XCSwiftPackageProductDependency section */
	};
	rootObject = 443788212AE81C4800D20667 /* Project object */;
}
